
Microsoft Visual Studio Solution File, Format Version 12.00
# Visual Studio Version 16
VisualStudioVersion = 16.0.32602.291
MinimumVisualStudioVersion = 10.0.40219.1
Project("{FAE04EC0-301F-11D3-BF4B-00C04F79EFBC}") = "Shopping.Client", "Shopping.Client\Shopping.Client.csproj", "{AA551100-E566-450C-81DE-3790DD2AAAD0}"
EndProject
Global
	GlobalSection(SolutionConfigurationPlatforms) = preSolution
		Debug|Any CPU = Debug|Any CPU
		Release|Any CPU = Release|Any CPU
	EndGlobalSection
	GlobalSection(ProjectConfigurationPlatforms) = postSolution
		{AA551100-E566-450C-81DE-3790DD2AAAD0}.Debug|Any CPU.ActiveCfg = Debug|Any CPU
		{AA551100-E566-450C-81DE-3790DD2AAAD0}.Debug|Any CPU.Build.0 = Debug|Any CPU
		{AA551100-E566-450C-81DE-3790DD2AAAD0}.Release|Any CPU.ActiveCfg = Release|Any CPU
		{AA551100-E566-450C-81DE-3790DD2AAAD0}.Release|Any CPU.Build.0 = Release|Any CPU
	EndGlobalSection
	GlobalSection(SolutionProperties) = preSolution
		HideSolutionNode = FALSE
	EndGlobalSection
	GlobalSection(ExtensibilityGlobals) = postSolution
		SolutionGuid = {131D7936-F24F-43D2-9C48-DBE585194C08}
	EndGlobalSection
EndGlobal
